{
  "name": "test-code",
  "version": "1.0.0",
  "lockfileVersion": 3,
  "requires": true,
  "packages": {
    "": {
      "name": "test-code",
      "version": "1.0.0",
      "license": "ISC",
      "dependencies": {
        "ramda": "^0.32.0"
      }
    },
    "node_modules/ramda": {
      "version": "0.32.0",
      "resolved": "https://registry.npmjs.org/ramda/-/ramda-0.32.0.tgz",
      "integrity": "sha512-GQWAHhxhxWBWA8oIBr1XahFVjQ9Fic6MK9ikijfd4TZHfE2+urfk+irVlR5VOn48uwMgM+loRRBJd6Yjsbc0zQ==",
      "funding": {
        "type": "opencollective",
        "url": "https://opencollective.com/ramda"
      }
    }
  }
}
